
Microsoft Visual Studio Solution File, Format Version 12.00
# Visual Studio 2012
Project("{FAE04EC0-301F-11D3-BF4B-00C04F79EFBC}") = "SportsStore.Domain", "SportsStore.Domain\SportsStore.Domain.csproj", "{23EFB6B5-7C3A-49CC-B5FA-92B33834A97F}"
EndProject
Project("{FAE04EC0-301F-11D3-BF4B-00C04F79EFBC}") = "SportsStore.WebUI", "SportsStore.WebUI\SportsStore.WebUI.csproj", "{92B744A5-F9FC-488C-9ADF-31ED793BE4AB}"
EndProject
Project("{FAE04EC0-301F-11D3-BF4B-00C04F79EFBC}") = "SportsStore.UnitTests", "SportsStore.UnitTests\SportsStore.UnitTests.csproj", "{EF828BB4-70F9-4537-953F-FAD55EBF75F2}"
EndProject
Global
	GlobalSection(SolutionConfigurationPlatforms) = preSolution
		Debug|Any CPU = Debug|Any CPU
		Release|Any CPU = Release|Any CPU
	EndGlobalSection
	GlobalSection(ProjectConfigurationPlatforms) = postSolution
		{23EFB6B5-7C3A-49CC-B5FA-92B33834A97F}.Debug|Any CPU.ActiveCfg = Debug|Any CPU
		{23EFB6B5-7C3A-49CC-B5FA-92B33834A97F}.Debug|Any CPU.Build.0 = Debug|Any CPU
		{23EFB6B5-7C3A-49CC-B5FA-92B33834A97F}.Release|Any CPU.ActiveCfg = Release|Any CPU
		{23EFB6B5-7C3A-49CC-B5FA-92B33834A97F}.Release|Any CPU.Build.0 = Release|Any CPU
		{92B744A5-F9FC-488C-9ADF-31ED793BE4AB}.Debug|Any CPU.ActiveCfg = Debug|Any CPU
		{92B744A5-F9FC-488C-9ADF-31ED793BE4AB}.Debug|Any CPU.Build.0 = Debug|Any CPU
		{92B744A5-F9FC-488C-9ADF-31ED793BE4AB}.Release|Any CPU.ActiveCfg = Release|Any CPU
		{92B744A5-F9FC-488C-9ADF-31ED793BE4AB}.Release|Any CPU.Build.0 = Release|Any CPU
		{EF828BB4-70F9-4537-953F-FAD55EBF75F2}.Debug|Any CPU.ActiveCfg = Debug|Any CPU
		{EF828BB4-70F9-4537-953F-FAD55EBF75F2}.Debug|Any CPU.Build.0 = Debug|Any CPU
		{EF828BB4-70F9-4537-953F-FAD55EBF75F2}.Release|Any CPU.ActiveCfg = Release|Any CPU
		{EF828BB4-70F9-4537-953F-FAD55EBF75F2}.Release|Any CPU.Build.0 = Release|Any CPU
	EndGlobalSection
	GlobalSection(SolutionProperties) = preSolution
		HideSolutionNode = FALSE
	EndGlobalSection
EndGlobal
